FORGE
  remote: https://forgeapi.puppetlabs.com
  specs:
    maestrodev-wget (1.5.7)

GIT
  remote: git://github.com/puppetlabs/puppetlabs-apache.git
  ref: 1.3.0
  sha: bd328556a533e046b3c32cbc7751b768d18af512
  specs:
    puppetlabs-apache (1.3.0)
      puppetlabs-concat (>= 1.1.1)
      puppetlabs-stdlib (>= 2.4.0)

GIT
  remote: git://github.com/puppetlabs/puppetlabs-apt.git
  ref: 1.4.0
  sha: 924e89289b93db60ef0f16a4e71579fa88e037a6
  specs:
    puppetlabs-apt (1.3.0)
      puppetlabs-stdlib (>= 2.2.1)

GIT
  remote: git://github.com/puppetlabs/puppetlabs-concat.git
  ref: 1.1.1
  sha: 0f43e1a4bdfe6ea0a2c0ba52dbbec6a0e5da6fba
  specs:
    puppetlabs-concat (1.1.1)
      puppetlabs-stdlib (< 5.0.0, >= 3.2.0)

GIT
  remote: git://github.com/puppetlabs/puppetlabs-mysql.git
  ref: 2.1.0
  sha: e303e361b7a1e7c1a808e92a02a8eacaaac3a498
  specs:
    puppetlabs-mysql (2.1.0)
      puppetlabs-stdlib (>= 2.2.1)

GIT
  remote: git://github.com/puppetlabs/puppetlabs-stdlib.git
  ref: 4.1.0
  sha: 1ffd72daaaf21e71e762b6cd543043680bdb6694
  specs:
    puppetlabs-stdlib (4.1.0)

GIT
  remote: git://github.com/treehouseagency/puppet-pear.git
  ref: master
  sha: d504379ce98e6477b720c37c2c5bdfdf26977dd9
  specs:
    treehouseagency-pear (0.0.1)

GIT
  remote: git://github.com/willdurand/puppet-composer.git
  ref: v1.0.0
  sha: a6469384957b611058ac4b8446e7aa149ccbdc9a
  specs:
    willdurand-composer (1.0.0)
      maestrodev-wget (>= 1.2.0)

DEPENDENCIES
  puppetlabs-apache (>= 0)
  puppetlabs-apt (>= 0)
  puppetlabs-concat (>= 0)
  puppetlabs-mysql (>= 0)
  puppetlabs-stdlib (>= 0)
  treehouseagency-pear (>= 0)
  willdurand-composer (>= 0)

